
Microsoft Visual Studio Solution File, Format Version 12.00
# Visual Studio Version 17
VisualStudioVersion = 17.1.32421.90
MinimumVisualStudioVersion = 10.0.40219.1
Project("{FAE04EC0-301F-11D3-BF4B-00C04F79EFBC}") = "ExamenPOO_1erParcial", "ExamenPOO_1erParcial.csproj", "{E446A110-DFC2-4E73-BEB3-4C0EC54222DD}"
EndProject
Global
	GlobalSection(SolutionConfigurationPlatforms) = preSolution
		Debug|Any CPU = Debug|Any CPU
		Release|Any CPU = Release|Any CPU
	EndGlobalSection
	GlobalSection(ProjectConfigurationPlatforms) = postSolution
		{E446A110-DFC2-4E73-BEB3-4C0EC54222DD}.Debug|Any CPU.ActiveCfg = Debug|Any CPU
		{E446A110-DFC2-4E73-BEB3-4C0EC54222DD}.Debug|Any CPU.Build.0 = Debug|Any CPU
		{E446A110-DFC2-4E73-BEB3-4C0EC54222DD}.Release|Any CPU.ActiveCfg = Release|Any CPU
		{E446A110-DFC2-4E73-BEB3-4C0EC54222DD}.Release|Any CPU.Build.0 = Release|Any CPU
	EndGlobalSection
	GlobalSection(SolutionProperties) = preSolution
		HideSolutionNode = FALSE
	EndGlobalSection
	GlobalSection(ExtensibilityGlobals) = postSolution
		SolutionGuid = {97FEA27F-5A8C-415D-ADFE-7D93BEA7F100}
	EndGlobalSection
EndGlobal
